
Microsoft Visual Studio Solution File, Format Version 12.00
# Visual Studio 15
VisualStudioVersion = 15.0.27428.2043
MinimumVisualStudioVersion = 10.0.40219.1
Project("{FAE04EC0-301F-11D3-BF4B-00C04F79EFBC}") = "GenericRepositoryExam.Data", "GenericRepositoryExam.Data\GenericRepositoryExam.Data.csproj", "{E5562C28-317C-4011-A973-AEDBBBA8D55C}"
EndProject
Project("{FAE04EC0-301F-11D3-BF4B-00C04F79EFBC}") = "GenericRepositoryExam.WebUI", "GenericRepositoryExam.WebUI\GenericRepositoryExam.WebUI.csproj", "{505899B6-5457-4729-9EFB-86C75DCC6825}"
EndProject
Global
	GlobalSection(SolutionConfigurationPlatforms) = preSolution
		Debug|Any CPU = Debug|Any CPU
		Release|Any CPU = Release|Any CPU
	EndGlobalSection
	GlobalSection(ProjectConfigurationPlatforms) = postSolution
		{E5562C28-317C-4011-A973-AEDBBBA8D55C}.Debug|Any CPU.ActiveCfg = Debug|Any CPU
		{E5562C28-317C-4011-A973-AEDBBBA8D55C}.Debug|Any CPU.Build.0 = Debug|Any CPU
		{E5562C28-317C-4011-A973-AEDBBBA8D55C}.Release|Any CPU.ActiveCfg = Release|Any CPU
		{E5562C28-317C-4011-A973-AEDBBBA8D55C}.Release|Any CPU.Build.0 = Release|Any CPU
		{505899B6-5457-4729-9EFB-86C75DCC6825}.Debug|Any CPU.ActiveCfg = Debug|Any CPU
		{505899B6-5457-4729-9EFB-86C75DCC6825}.Debug|Any CPU.Build.0 = Debug|Any CPU
		{505899B6-5457-4729-9EFB-86C75DCC6825}.Release|Any CPU.ActiveCfg = Release|Any CPU
		{505899B6-5457-4729-9EFB-86C75DCC6825}.Release|Any CPU.Build.0 = Release|Any CPU
	EndGlobalSection
	GlobalSection(SolutionProperties) = preSolution
		HideSolutionNode = FALSE
	EndGlobalSection
	GlobalSection(ExtensibilityGlobals) = postSolution
		SolutionGuid = {FAE4D109-443C-41A9-8473-B88644676272}
	EndGlobalSection
EndGlobal
